
Microsoft Visual Studio Solution File, Format Version 12.00
# Visual Studio 15
VisualStudioVersion = 15.0.28010.2016
MinimumVisualStudioVersion = 10.0.40219.1
Project("{FAE04EC0-301F-11D3-BF4B-00C04F79EFBC}") = "test4", "test4\test4.csproj", "{A7B03ACC-D730-48A7-B795-7F118D71AE43}"
EndProject
Global
	GlobalSection(SolutionConfigurationPlatforms) = preSolution
		Debug|Any CPU = Debug|Any CPU
		Release|Any CPU = Release|Any CPU
	EndGlobalSection
	GlobalSection(ProjectConfigurationPlatforms) = postSolution
		{A7B03ACC-D730-48A7-B795-7F118D71AE43}.Debug|Any CPU.ActiveCfg = Debug|Any CPU
		{A7B03ACC-D730-48A7-B795-7F118D71AE43}.Debug|Any CPU.Build.0 = Debug|Any CPU
		{A7B03ACC-D730-48A7-B795-7F118D71AE43}.Release|Any CPU.ActiveCfg = Release|Any CPU
		{A7B03ACC-D730-48A7-B795-7F118D71AE43}.Release|Any CPU.Build.0 = Release|Any CPU
	EndGlobalSection
	GlobalSection(SolutionProperties) = preSolution
		HideSolutionNode = FALSE
	EndGlobalSection
	GlobalSection(ExtensibilityGlobals) = postSolution
		SolutionGuid = {FC25BDDD-F4BF-48E4-95EF-5637EDA20D94}
	EndGlobalSection
EndGlobal
